
Microsoft Visual Studio Solution File, Format Version 12.00
# Visual Studio Version 17
VisualStudioVersion = 17.4.33213.308
MinimumVisualStudioVersion = 10.0.40219.1
Project("{FAE04EC0-301F-11D3-BF4B-00C04F79EFBC}") = "WebFormsTrainingSecondTask", "WebFormsTrainingSecondTask\WebFormsTrainingSecondTask.csproj", "{F8E994A4-FF51-4F35-ACE6-421BA3BBB141}"
EndProject
Project("{00D1A9C2-B5F0-4AF3-8072-F6C62B433612}") = "TasksDB", "SurveysDB\TasksDB.sqlproj", "{30F49C51-24E3-4D44-9D26-49FC31C3FA8B}"
EndProject
Global
	GlobalSection(SolutionConfigurationPlatforms) = preSolution
		Debug|Any CPU = Debug|Any CPU
		Release|Any CPU = Release|Any CPU
	EndGlobalSection
	GlobalSection(ProjectConfigurationPlatforms) = postSolution
		{F8E994A4-FF51-4F35-ACE6-421BA3BBB141}.Debug|Any CPU.ActiveCfg = Debug|Any CPU
		{F8E994A4-FF51-4F35-ACE6-421BA3BBB141}.Debug|Any CPU.Build.0 = Debug|Any CPU
		{F8E994A4-FF51-4F35-ACE6-421BA3BBB141}.Release|Any CPU.ActiveCfg = Release|Any CPU
		{F8E994A4-FF51-4F35-ACE6-421BA3BBB141}.Release|Any CPU.Build.0 = Release|Any CPU
		{30F49C51-24E3-4D44-9D26-49FC31C3FA8B}.Debug|Any CPU.ActiveCfg = Debug|Any CPU
		{30F49C51-24E3-4D44-9D26-49FC31C3FA8B}.Debug|Any CPU.Build.0 = Debug|Any CPU
		{30F49C51-24E3-4D44-9D26-49FC31C3FA8B}.Debug|Any CPU.Deploy.0 = Debug|Any CPU
		{30F49C51-24E3-4D44-9D26-49FC31C3FA8B}.Release|Any CPU.ActiveCfg = Release|Any CPU
		{30F49C51-24E3-4D44-9D26-49FC31C3FA8B}.Release|Any CPU.Build.0 = Release|Any CPU
		{30F49C51-24E3-4D44-9D26-49FC31C3FA8B}.Release|Any CPU.Deploy.0 = Release|Any CPU
	EndGlobalSection
	GlobalSection(SolutionProperties) = preSolution
		HideSolutionNode = FALSE
	EndGlobalSection
	GlobalSection(ExtensibilityGlobals) = postSolution
		SolutionGuid = {4E662A6D-748A-497F-9134-A00EC2AB3E43}
	EndGlobalSection
EndGlobal
