
Microsoft Visual Studio Solution File, Format Version 12.00
# Visual Studio Version 17
VisualStudioVersion = 17.4.33213.308
MinimumVisualStudioVersion = 10.0.40219.1
Project("{FAE04EC0-301F-11D3-BF4B-00C04F79EFBC}") = "WebFormsTrainingSecondTask", "WebFormsTrainingSecondTask\WebFormsTrainingSecondTask.csproj", "{F8E994A4-FF51-4F35-ACE6-421BA3BBB141}"
EndProject
Project("{FAE04EC0-301F-11D3-BF4B-00C04F79EFBC}") = "WebFormsTrainingSecondTaskTests", "WebFormsTrainingSecondTaskTests\WebFormsTrainingSecondTaskTests.csproj", "{8BEC26A7-B30F-4D18-A848-BF131ECFEC60}"
EndProject
Global
	GlobalSection(SolutionConfigurationPlatforms) = preSolution
		Debug|Any CPU = Debug|Any CPU
		Release|Any CPU = Release|Any CPU
	EndGlobalSection
	GlobalSection(ProjectConfigurationPlatforms) = postSolution
		{F8E994A4-FF51-4F35-ACE6-421BA3BBB141}.Debug|Any CPU.ActiveCfg = Debug|Any CPU
		{F8E994A4-FF51-4F35-ACE6-421BA3BBB141}.Debug|Any CPU.Build.0 = Debug|Any CPU
		{F8E994A4-FF51-4F35-ACE6-421BA3BBB141}.Release|Any CPU.ActiveCfg = Release|Any CPU
		{F8E994A4-FF51-4F35-ACE6-421BA3BBB141}.Release|Any CPU.Build.0 = Release|Any CPU
		{8BEC26A7-B30F-4D18-A848-BF131ECFEC60}.Debug|Any CPU.ActiveCfg = Debug|Any CPU
		{8BEC26A7-B30F-4D18-A848-BF131ECFEC60}.Debug|Any CPU.Build.0 = Debug|Any CPU
		{8BEC26A7-B30F-4D18-A848-BF131ECFEC60}.Release|Any CPU.ActiveCfg = Release|Any CPU
		{8BEC26A7-B30F-4D18-A848-BF131ECFEC60}.Release|Any CPU.Build.0 = Release|Any CPU
	EndGlobalSection
	GlobalSection(SolutionProperties) = preSolution
		HideSolutionNode = FALSE
	EndGlobalSection
	GlobalSection(ExtensibilityGlobals) = postSolution
		SolutionGuid = {4E662A6D-748A-497F-9134-A00EC2AB3E43}
	EndGlobalSection
EndGlobal
